
Microsoft Visual Studio Solution File, Format Version 12.00
# Visual Studio Version 17
VisualStudioVersion = 17.0.32002.185
MinimumVisualStudioVersion = 10.0.40219.1
Project("{FAE04EC0-301F-11D3-BF4B-00C04F79EFBC}") = "Magazyn 2022", "Magazyn 2022\Magazyn 2022.csproj", "{20DEDBE6-CB25-41AE-92C9-8BD7F1660F2C}"
EndProject
Global
	GlobalSection(SolutionConfigurationPlatforms) = preSolution
		Debug|Any CPU = Debug|Any CPU
		Release|Any CPU = Release|Any CPU
	EndGlobalSection
	GlobalSection(ProjectConfigurationPlatforms) = postSolution
		{20DEDBE6-CB25-41AE-92C9-8BD7F1660F2C}.Debug|Any CPU.ActiveCfg = Debug|Any CPU
		{20DEDBE6-CB25-41AE-92C9-8BD7F1660F2C}.Debug|Any CPU.Build.0 = Debug|Any CPU
		{20DEDBE6-CB25-41AE-92C9-8BD7F1660F2C}.Release|Any CPU.ActiveCfg = Release|Any CPU
		{20DEDBE6-CB25-41AE-92C9-8BD7F1660F2C}.Release|Any CPU.Build.0 = Release|Any CPU
	EndGlobalSection
	GlobalSection(SolutionProperties) = preSolution
		HideSolutionNode = FALSE
	EndGlobalSection
	GlobalSection(ExtensibilityGlobals) = postSolution
		SolutionGuid = {8AB88821-F211-4810-B861-7FAEC495272C}
	EndGlobalSection
EndGlobal
